// !$*UTF8*$!
{
	archiveVersion = 1;
	classes = {
	};
	objectVersion = 56;
	objects = {

/* Begin PBXBuildFile section */
		8DF618E22CCE5223003312BC /* AppDelegate.swift in Sources */ = {isa = PBXBuildFile; fileRef = 8DF618E12CCE5223003312BC /* AppDelegate.swift */; };
		8DF618E42CCE5223003312BC /* SceneDelegate.swift in Sources */ = {isa = PBXBuildFile; fileRef = 8DF618E32CCE5223003312BC /* SceneDelegate.swift */; };
		8DF618E62CCE5223003312BC /* ViewController.swift in Sources */ = {isa = PBXBuildFile; fileRef = 8DF618E52CCE5223003312BC /* ViewController.swift */; };
		8DF618E92CCE5223003312BC /* Base in Resources */ = {isa = PBXBuildFile; fileRef = 8DF618E82CCE5223003312BC /* Base */; };
		8DF618EB2CCE5226003312BC /* Assets.xcassets in Resources */ = {isa = PBXBuildFile; fileRef = 8DF618EA2CCE5226003312BC /* Assets.xcassets */; };
		8DF618EE2CCE5226003312BC /* Base in Resources */ = {isa = PBXBuildFile; fileRef = 8DF618ED2CCE5226003312BC /* Base */; };
		8DF618F92CCE5226003312BC /* ContactAppTests.swift in Sources */ = {isa = PBXBuildFile; fileRef = 8DF618F82CCE5226003312BC /* ContactAppTests.swift */; };
		8DF619032CCE5226003312BC /* ContactAppUITests.swift in Sources */ = {isa = PBXBuildFile; fileRef = 8DF619022CCE5226003312BC /* ContactAppUITests.swift */; };
		8DF619052CCE5226003312BC /* ContactAppUITestsLaunchTests.swift in Sources */ = {isa = PBXBuildFile; fileRef = 8DF619042CCE5226003312BC /* ContactAppUITestsLaunchTests.swift */; };
/* End PBXBuildFile section */

/* Begin PBXContainerItemProxy section */
		8DF618F52CCE5226003312BC /* PBXContainerItemProxy */ = {
			isa = PBXContainerItemProxy;
			containerPortal = 8DF618D62CCE5223003312BC /* Project object */;
			proxyType = 1;
			remoteGlobalIDString = 8DF618DD2CCE5223003312BC;
			remoteInfo = ContactApp;
		};
		8DF618FF2CCE5226003312BC /* PBXContainerItemProxy */ = {
			isa = PBXContainerItemProxy;
			containerPortal = 8DF618D62CCE5223003312BC /* Project object */;
			proxyType = 1;
			remoteGlobalIDString = 8DF618DD2CCE5223003312BC;
			remoteInfo = ContactApp;
		};
/* End PBXContainerItemProxy section */

/* Begin PBXFileReference section */
		8DF618DE2CCE5223003312BC /* ContactApp.app */ = {isa = PBXFileReference; explicitFileType = wrapper.application; includeInIndex = 0; path = ContactApp.app; sourceTree = BUILT_PRODUCTS_DIR; };
		8DF618E12CCE5223003312BC /* AppDelegate.swift */ = {isa = PBXFileReference; lastKnownFileType = sourcecode.swift; path = AppDelegate.swift; sourceTree = "<group>"; };
		8DF618E32CCE5223003312BC /* SceneDelegate.swift */ = {isa = PBXFileReference; lastKnownFileType = sourcecode.swift; path = SceneDelegate.swift; sourceTree = "<group>"; };
		8DF618E52CCE5223003312BC /* ViewController.swift */ = {isa = PBXFileReference; lastKnownFileType = sourcecode.swift; path = ViewController.swift; sourceTree = "<group>"; };
		8DF618E82CCE5223003312BC /* Base */ = {isa = PBXFileReference; lastKnownFileType = file.storyboard; name = Base; path = Base.lproj/Main.storyboard; sourceTree = "<group>"; };
		8DF618EA2CCE5226003312BC /* Assets.xcassets */ = {isa = PBXFileReference; lastKnownFileType = folder.assetcatalog; path = Assets.xcassets; sourceTree = "<group>"; };
		8DF618ED2CCE5226003312BC /* Base */ = {isa = PBXFileReference; lastKnownFileType = file.storyboard; name = Base; path = Base.lproj/LaunchScreen.storyboard; sourceTree = "<group>"; };
		8DF618EF2CCE5226003312BC /* Info.plist */ = {isa = PBXFileReference; lastKnownFileType = text.plist.xml; path = Info.plist; sourceTree = "<group>"; };
		8DF618F42CCE5226003312BC /* ContactAppTests.xctest */ = {isa = PBXFileReference; explicitFileType = wrapper.cfbundle; includeInIndex = 0; path = ContactAppTests.xctest; sourceTree = BUILT_PRODUCTS_DIR; };
		8DF618F82CCE5226003312BC /* ContactAppTests.swift */ = {isa = PBXFileReference; lastKnownFileType = sourcecode.swift; path = ContactAppTests.swift; sourceTree = "<group>"; };
		8DF618FE2CCE5226003312BC /* ContactAppUITests.xctest */ = {isa = PBXFileReference; explicitFileType = wrapper.cfbundle; includeInIndex = 0; path = ContactAppUITests.xctest; sourceTree = BUILT_PRODUCTS_DIR; };
		8DF619022CCE5226003312BC /* ContactAppUITests.swift */ = {isa = PBXFileReference; lastKnownFileType = sourcecode.swift; path = ContactAppUITests.swift; sourceTree = "<group>"; };
		8DF619042CCE5226003312BC /* ContactAppUITestsLaunchTests.swift */ = {isa = PBXFileReference; lastKnownFileType = sourcecode.swift; path = ContactAppUITestsLaunchTests.swift; sourceTree = "<group>"; };
/* End PBXFileReference section */

/* Begin PBXFrameworksBuildPhase section */
		8DF618DB2CCE5223003312BC /* Frameworks */ = {
			isa = PBXFrameworksBuildPhase;
			buildActionMask = 2147483647;
			files = (
			);
			runOnlyForDeploymentPostprocessing = 0;
		};
		8DF618F12CCE5226003312BC /* Frameworks */ = {
			isa = PBXFrameworksBuildPhase;
			buildActionMask = 2147483647;
			files = (
			);
			runOnlyForDeploymentPostprocessing = 0;
		};
		8DF618FB2CCE5226003312BC /* Frameworks */ = {
			isa = PBXFrameworksBuildPhase;
			buildActionMask = 2147483647;
			files = (
			);
			runOnlyForDeploymentPostprocessing = 0;
		};
/* End PBXFrameworksBuildPhase section */

/* Begin PBXGroup section */
		8DF618D52CCE5223003312BC = {
			isa = PBXGroup;
			children = (
				8DF618E02CCE5223003312BC /* ContactApp */,
				8DF618F72CCE5226003312BC /* ContactAppTests */,
				8DF619012CCE5226003312BC /* ContactAppUITests */,
				8DF618DF2CCE5223003312BC /* Products */,
			);
			sourceTree = "<group>";
		};
		8DF618DF2CCE5223003312BC /* Products */ = {
			isa = PBXGroup;
			children = (
				8DF618DE2CCE5223003312BC /* ContactApp.app */,
				8DF618F42CCE5226003312BC /* ContactAppTests.xctest */,
				8DF618FE2CCE5226003312BC /* ContactAppUITests.xctest */,
			);
			name = Products;
			sourceTree = "<group>";
		};
		8DF618E02CCE5223003312BC /* ContactApp */ = {
			isa = PBXGroup;
			children = (
				8DF618E12CCE5223003312BC /* AppDelegate.swift */,
				8DF618E32CCE5223003312BC /* SceneDelegate.swift */,
				8DF618E52CCE5223003312BC /* ViewController.swift */,
				8DF618E72CCE5223003312BC /* Main.storyboard */,
				8DF618EA2CCE5226003312BC /* Assets.xcassets */,
				8DF618EC2CCE5226003312BC /* LaunchScreen.storyboard */,
				8DF618EF2CCE5226003312BC /* Info.plist */,
			);
			path = ContactApp;
			sourceTree = "<group>";
		};
		8DF618F72CCE5226003312BC /* ContactAppTests */ = {
			isa = PBXGroup;
			children = (
				8DF618F82CCE5226003312BC /* ContactAppTests.swift */,
			);
			path = ContactAppTests;
			sourceTree = "<group>";
		};
		8DF619012CCE5226003312BC /* ContactAppUITests */ = {
			isa = PBXGroup;
			children = (
				8DF619022CCE5226003312BC /* ContactAppUITests.swift */,
				8DF619042CCE5226003312BC /* ContactAppUITestsLaunchTests.swift */,
			);
			path = ContactAppUITests;
			sourceTree = "<group>";
		};
/* End PBXGroup section */

/* Begin PBXNativeTarget section */
		8DF618DD2CCE5223003312BC /* ContactApp */ = {
			isa = PBXNativeTarget;
			buildConfigurationList = 8DF619082CCE5226003312BC /* Build configuration list for PBXNativeTarget "ContactApp" */;
			buildPhases = (
				8DF618DA2CCE5223003312BC /* Sources */,
				8DF618DB2CCE5223003312BC /* Frameworks */,
				8DF618DC2CCE5223003312BC /* Resources */,
			);
			buildRules = (
			);
			dependencies = (
			);
			name = ContactApp;
			productName = ContactApp;
			productReference = 8DF618DE2CCE5223003312BC /* ContactApp.app */;
			productType = "com.apple.product-type.application";
		};
		8DF618F32CCE5226003312BC /* ContactAppTests */ = {
			isa = PBXNativeTarget;
			buildConfigurationList = 8DF6190B2CCE5226003312BC /* Build configuration list for PBXNativeTarget "ContactAppTests" */;
			buildPhases = (
				8DF618F02CCE5226003312BC /* Sources */,
				8DF618F12CCE5226003312BC /* Frameworks */,
				8DF618F22CCE5226003312BC /* Resources */,
			);
			buildRules = (
			);
			dependencies = (
				8DF618F62CCE5226003312BC /* PBXTargetDependency */,
			);
			name = ContactAppTests;
			productName = ContactAppTests;
			productReference = 8DF618F42CCE5226003312BC /* ContactAppTests.xctest */;
			productType = "com.apple.product-type.bundle.unit-test";
		};
		8DF618FD2CCE5226003312BC /* ContactAppUITests */ = {
			isa = PBXNativeTarget;
			buildConfigurationList = 8DF6190E2CCE5226003312BC /* Build configuration list for PBXNativeTarget "ContactAppUITests" */;
			buildPhases = (
				8DF618FA2CCE5226003312BC /* Sources */,
				8DF618FB2CCE5226003312BC /* Frameworks */,
				8DF618FC2CCE5226003312BC /* Resources */,
			);
			buildRules = (
			);
			dependencies = (
				8DF619002CCE5226003312BC /* PBXTargetDependency */,
			);
			name = ContactAppUITests;
			productName = ContactAppUITests;
			productReference = 8DF618FE2CCE5226003312BC /* ContactAppUITests.xctest */;
			productType = "com.apple.product-type.bundle.ui-testing";
		};
/* End PBXNativeTarget section */

/* Begin PBXProject section */
		8DF618D62CCE5223003312BC /* Project object */ = {
			isa = PBXProject;
			attributes = {
				BuildIndependentTargetsInParallel = 1;
				LastSwiftUpdateCheck = 1540;
				LastUpgradeCheck = 1540;
				TargetAttributes = {
					8DF618DD2CCE5223003312BC = {
						CreatedOnToolsVersion = 15.4;
					};
					8DF618F32CCE5226003312BC = {
						CreatedOnToolsVersion = 15.4;
						TestTargetID = 8DF618DD2CCE5223003312BC;
					};
					8DF618FD2CCE5226003312BC = {
						CreatedOnToolsVersion = 15.4;
						TestTargetID = 8DF618DD2CCE5223003312BC;
					};
				};
			};
			buildConfigurationList = 8DF618D92CCE5223003312BC /* Build configuration list for PBXProject "ContactApp" */;
			compatibilityVersion = "Xcode 14.0";
			developmentRegion = en;
			hasScannedForEncodings = 0;
			knownRegions = (
				en,
				Base,
			);
			mainGroup = 8DF618D52CCE5223003312BC;
			productRefGroup = 8DF618DF2CCE5223003312BC /* Products */;
			projectDirPath = "";
			projectRoot = "";
			targets = (
				8DF618DD2CCE5223003312BC /* ContactApp */,
				8DF618F32CCE5226003312BC /* ContactAppTests */,
				8DF618FD2CCE5226003312BC /* ContactAppUITests */,
			);
		};
/* End PBXProject section */

/* Begin PBXResourcesBuildPhase section */
		8DF618DC2CCE5223003312BC /* Resources */ = {
			isa = PBXResourcesBuildPhase;
			buildActionMask = 2147483647;
			files = (
				8DF618EB2CCE5226003312BC /* Assets.xcassets in Resources */,
				8DF618EE2CCE5226003312BC /* Base in Resources */,
				8DF618E92CCE5223003312BC /* Base in Resources */,
			);
			runOnlyForDeploymentPostprocessing = 0;
		};
		8DF618F22CCE5226003312BC /* Resources */ = {
			isa = PBXResourcesBuildPhase;
			buildActionMask = 2147483647;
			files = (
			);
			runOnlyForDeploymentPostprocessing = 0;
		};
		8DF618FC2CCE5226003312BC /* Resources */ = {
			isa = PBXResourcesBuildPhase;
			buildActionMask = 2147483647;
			files = (
			);
			runOnlyForDeploymentPostprocessing = 0;
		};
/* End PBXResourcesBuildPhase section */

/* Begin PBXSourcesBuildPhase section */
		8DF618DA2CCE5223003312BC /* Sources */ = {
			isa = PBXSourcesBuildPhase;
			buildActionMask = 2147483647;
			files = (
				8DF618E62CCE5223003312BC /* ViewController.swift in Sources */,
				8DF618E22CCE5223003312BC /* AppDelegate.swift in Sources */,
				8DF618E42CCE5223003312BC /* SceneDelegate.swift in Sources */,
			);
			runOnlyForDeploymentPostprocessing = 0;
		};
		8DF618F02CCE5226003312BC /* Sources */ = {
			isa = PBXSourcesBuildPhase;
			buildActionMask = 2147483647;
			files = (
				8DF618F92CCE5226003312BC /* ContactAppTests.swift in Sources */,
			);
			runOnlyForDeploymentPostprocessing = 0;
		};
		8DF618FA2CCE5226003312BC /* Sources */ = {
			isa = PBXSourcesBuildPhase;
			buildActionMask = 2147483647;
			files = (
				8DF619032CCE5226003312BC /* ContactAppUITests.swift in Sources */,
				8DF619052CCE5226003312BC /* ContactAppUITestsLaunchTests.swift in Sources */,
			);
			runOnlyForDeploymentPostprocessing = 0;
		};
/* End PBXSourcesBuildPhase section */

/* Begin PBXTargetDependency section */
		8DF618F62CCE5226003312BC /* PBXTargetDependency */ = {
			isa = PBXTargetDependency;
			target = 8DF618DD2CCE5223003312BC /* ContactApp */;
			targetProxy = 8DF618F52CCE5226003312BC /* PBXContainerItemProxy */;
		};
		8DF619002CCE5226003312BC /* PBXTargetDependency */ = {
			isa = PBXTargetDependency;
			target = 8DF618DD2CCE5223003312BC /* ContactApp */;
			targetProxy = 8DF618FF2CCE5226003312BC /* PBXContainerItemProxy */;
		};
/* End PBXTargetDependency section */

/* Begin PBXVariantGroup section */
		8DF618E72CCE5223003312BC /* Main.storyboard */ = {
			isa = PBXVariantGroup;
			children = (
				8DF618E82CCE5223003312BC /* Base */,
			);
			name = Main.storyboard;
			sourceTree = "<group>";
		};
		8DF618EC2CCE5226003312BC /* LaunchScreen.storyboard */ = {
			isa = PBXVariantGroup;
			children = (
				8DF618ED2CCE5226003312BC /* Base */,
			);
			name = LaunchScreen.storyboard;
			sourceTree = "<group>";
		};
/* End PBXVariantGroup section */

/* Begin XCBuildConfiguration section */
		8DF619062CCE5226003312BC /* Debug */ = {
			isa = XCBuildConfiguration;
			buildSettings = {
				ALWAYS_SEARCH_USER_PATHS = NO;
				ASSETCATALOG_COMPILER_GENERATE_SWIFT_ASSET_SYMBOL_EXTENSIONS = YES;
				CLANG_ANALYZER_NONNULL = YES;
				CLANG_ANALYZER_NUMBER_OBJECT_CONVERSION = YES_AGGRESSIVE;
				CLANG_CXX_LANGUAGE_STANDARD = "gnu++20";
				CLANG_ENABLE_MODULES = YES;
				CLANG_ENABLE_OBJC_ARC = YES;
				CLANG_ENABLE_OBJC_WEAK = YES;
				CLANG_WARN_BLOCK_CAPTURE_AUTORELEASING = YES;
				CLANG_WARN_BOOL_CONVERSION = YES;
				CLANG_WARN_COMMA = YES;
				CLANG_WARN_CONSTANT_CONVERSION = YES;
				CLANG_WARN_DEPRECATED_OBJC_IMPLEMENTATIONS = YES;
				CLANG_WARN_DIRECT_OBJC_ISA_USAGE = YES_ERROR;
				CLANG_WARN_DOCUMENTATION_COMMENTS = YES;
				CLANG_WARN_EMPTY_BODY = YES;
				CLANG_WARN_ENUM_CONVERSION = YES;
				CLANG_WARN_INFINITE_RECURSION = YES;
				CLANG_WARN_INT_CONVERSION = YES;
				CLANG_WARN_NON_LITERAL_NULL_CONVERSION = YES;
				CLANG_WARN_OBJC_IMPLICIT_RETAIN_SELF = YES;
				CLANG_WARN_OBJC_LITERAL_CONVERSION = YES;
				CLANG_WARN_OBJC_ROOT_CLASS = YES_ERROR;
				CLANG_WARN_QUOTED_INCLUDE_IN_FRAMEWORK_HEADER = YES;
				CLANG_WARN_RANGE_LOOP_ANALYSIS = YES;
				CLANG_WARN_STRICT_PROTOTYPES = YES;
				CLANG_WARN_SUSPICIOUS_MOVE = YES;
				CLANG_WARN_UNGUARDED_AVAILABILITY = YES_AGGRESSIVE;
				CLANG_WARN_UNREACHABLE_CODE = YES;
				CLANG_WARN__DUPLICATE_METHOD_MATCH = YES;
				COPY_PHASE_STRIP = NO;
				DEBUG_INFORMATION_FORMAT = dwarf;
				ENABLE_STRICT_OBJC_MSGSEND = YES;
				ENABLE_TESTABILITY = YES;
				ENABLE_USER_SCRIPT_SANDBOXING = YES;
				GCC_C_LANGUAGE_STANDARD = gnu17;
				GCC_DYNAMIC_NO_PIC = NO;
				GCC_NO_COMMON_BLOCKS = YES;
				GCC_OPTIMIZATION_LEVEL = 0;
				GCC_PREPROCESSOR_DEFINITIONS = (
					"DEBUG=1",
					"$(inherited)",
				);
				GCC_WARN_64_TO_32_BIT_CONVERSION = YES;
				GCC_WARN_ABOUT_RETURN_TYPE = YES_ERROR;
				GCC_WARN_UNDECLARED_SELECTOR = YES;
				GCC_WARN_UNINITIALIZED_AUTOS = YES_AGGRESSIVE;
				GCC_WARN_UNUSED_FUNCTION = YES;
				GCC_WARN_UNUSED_VARIABLE = YES;
				IPHONEOS_DEPLOYMENT_TARGET = 17.5;
				LOCALIZATION_PREFERS_STRING_CATALOGS = YES;
				MTL_ENABLE_DEBUG_INFO = INCLUDE_SOURCE;
				MTL_FAST_MATH = YES;
				ONLY_ACTIVE_ARCH = YES;
				SDKROOT = iphoneos;
				SWIFT_ACTIVE_COMPILATION_CONDITIONS = "DEBUG $(inherited)";
				SWIFT_OPTIMIZATION_LEVEL = "-Onone";
			};
			name = Debug;
		};
		8DF619072CCE5226003312BC /* Release */ = {
			isa = XCBuildConfiguration;
			buildSettings = {
				ALWAYS_SEARCH_USER_PATHS = NO;
				ASSETCATALOG_COMPILER_GENERATE_SWIFT_ASSET_SYMBOL_EXTENSIONS = YES;
				CLANG_ANALYZER_NONNULL = YES;
				CLANG_ANALYZER_NUMBER_OBJECT_CONVERSION = YES_AGGRESSIVE;
				CLANG_CXX_LANGUAGE_STANDARD = "gnu++20";
				CLANG_ENABLE_MODULES = YES;
				CLANG_ENABLE_OBJC_ARC = YES;
				CLANG_ENABLE_OBJC_WEAK = YES;
				CLANG_WARN_BLOCK_CAPTURE_AUTORELEASING = YES;
				CLANG_WARN_BOOL_CONVERSION = YES;
				CLANG_WARN_COMMA = YES;
				CLANG_WARN_CONSTANT_CONVERSION = YES;
				CLANG_WARN_DEPRECATED_OBJC_IMPLEMENTATIONS = YES;
				CLANG_WARN_DIRECT_OBJC_ISA_USAGE = YES_ERROR;
				CLANG_WARN_DOCUMENTATION_COMMENTS = YES;
				CLANG_WARN_EMPTY_BODY = YES;
				CLANG_WARN_ENUM_CONVERSION = YES;
				CLANG_WARN_INFINITE_RECURSION = YES;
				CLANG_WARN_INT_CONVERSION = YES;
				CLANG_WARN_NON_LITERAL_NULL_CONVERSION = YES;
				CLANG_WARN_OBJC_IMPLICIT_RETAIN_SELF = YES;
				CLANG_WARN_OBJC_LITERAL_CONVERSION = YES;
				CLANG_WARN_OBJC_ROOT_CLASS = YES_ERROR;
				CLANG_WARN_QUOTED_INCLUDE_IN_FRAMEWORK_HEADER = YES;
				CLANG_WARN_RANGE_LOOP_ANALYSIS = YES;
				CLANG_WARN_STRICT_PROTOTYPES = YES;
				CLANG_WARN_SUSPICIOUS_MOVE = YES;
				CLANG_WARN_UNGUARDED_AVAILABILITY = YES_AGGRESSIVE;
				CLANG_WARN_UNREACHABLE_CODE = YES;
				CLANG_WARN__DUPLICATE_METHOD_MATCH = YES;
				COPY_PHASE_STRIP = NO;
				DEBUG_INFORMATION_FORMAT = "dwarf-with-dsym";
				ENABLE_NS_ASSERTIONS = NO;
				ENABLE_STRICT_OBJC_MSGSEND = YES;
				ENABLE_USER_SCRIPT_SANDBOXING = YES;
				GCC_C_LANGUAGE_STANDARD = gnu17;
				GCC_NO_COMMON_BLOCKS = YES;
				GCC_WARN_64_TO_32_BIT_CONVERSION = YES;
				GCC_WARN_ABOUT_RETURN_TYPE = YES_ERROR;
				GCC_WARN_UNDECLARED_SELECTOR = YES;
				GCC_WARN_UNINITIALIZED_AUTOS = YES_AGGRESSIVE;
				GCC_WARN_UNUSED_FUNCTION = YES;
				GCC_WARN_UNUSED_VARIABLE = YES;
				IPHONEOS_DEPLOYMENT_TARGET = 17.5;
				LOCALIZATION_PREFERS_STRING_CATALOGS = YES;
				MTL_ENABLE_DEBUG_INFO = NO;
				MTL_FAST_MATH = YES;
				SDKROOT = iphoneos;
				SWIFT_COMPILATION_MODE = wholemodule;
				VALIDATE_PRODUCT = YES;
			};
			name = Release;
		};
		8DF619092CCE5226003312BC /* Debug */ = {
			isa = XCBuildConfiguration;
			buildSettings = {
				ASSETCATALOG_COMPILER_APPICON_NAME = AppIcon;
				ASSETCATALOG_COMPILER_GLOBAL_ACCENT_COLOR_NAME = AccentColor;
				CODE_SIGN_STYLE = Automatic;
				CURRENT_PROJECT_VERSION = 1;
				GENERATE_INFOPLIST_FILE = YES;
				INFOPLIST_FILE = ContactApp/Info.plist;
				INFOPLIST_KEY_UIApplicationSupportsIndirectInputEvents = YES;
				INFOPLIST_KEY_UILaunchStoryboardName = LaunchScreen;
				INFOPLIST_KEY_UIMainStoryboardFile = Main;
				INFOPLIST_KEY_UISupportedInterfaceOrientations_iPad = "UIInterfaceOrientationPortrait UIInterfaceOrientationPortraitUpsideDown UIInterfaceOrientationLandscapeLeft UIInterfaceOrientationLandscapeRight";
				INFOPLIST_KEY_UISupportedInterfaceOrientations_iPhone = "UIInterfaceOrientationPortrait UIInterfaceOrientationLandscapeLeft UIInterfaceOrientationLandscapeRight";
				LD_RUNPATH_SEARCH_PATHS = (
					"$(inherited)",
					"@executable_path/Frameworks",
				);
				MARKETING_VERSION = 1.0;
				PRODUCT_BUNDLE_IDENTIFIER = ios.ContactApp;
				PRODUCT_NAME = "$(TARGET_NAME)";
				SWIFT_EMIT_LOC_STRINGS = YES;
				SWIFT_VERSION = 5.0;
				TARGETED_DEVICE_FAMILY = "1,2";
			};
			name = Debug;
		};
		8DF6190A2CCE5226003312BC /* Release */ = {
			isa = XCBuildConfiguration;
			buildSettings = {
				ASSETCATALOG_COMPILER_APPICON_NAME = AppIcon;
				ASSETCATALOG_COMPILER_GLOBAL_ACCENT_COLOR_NAME = AccentColor;
				CODE_SIGN_STYLE = Automatic;
				CURRENT_PROJECT_VERSION = 1;
				GENERATE_INFOPLIST_FILE = YES;
				INFOPLIST_FILE = ContactApp/Info.plist;
				INFOPLIST_KEY_UIApplicationSupportsIndirectInputEvents = YES;
				INFOPLIST_KEY_UILaunchStoryboardName = LaunchScreen;
				INFOPLIST_KEY_UIMainStoryboardFile = Main;
				INFOPLIST_KEY_UISupportedInterfaceOrientations_iPad = "UIInterfaceOrientationPortrait UIInterfaceOrientationPortraitUpsideDown UIInterfaceOrientationLandscapeLeft UIInterfaceOrientationLandscapeRight";
				INFOPLIST_KEY_UISupportedInterfaceOrientations_iPhone = "UIInterfaceOrientationPortrait UIInterfaceOrientationLandscapeLeft UIInterfaceOrientationLandscapeRight";
				LD_RUNPATH_SEARCH_PATHS = (
					"$(inherited)",
					"@executable_path/Frameworks",
				);
				MARKETING_VERSION = 1.0;
				PRODUCT_BUNDLE_IDENTIFIER = ios.ContactApp;
				PRODUCT_NAME = "$(TARGET_NAME)";
				SWIFT_EMIT_LOC_STRINGS = YES;
				SWIFT_VERSION = 5.0;
				TARGETED_DEVICE_FAMILY = "1,2";
			};
			name = Release;
		};
		8DF6190C2CCE5226003312BC /* Debug */ = {
			isa = XCBuildConfiguration;
			buildSettings = {
				ALWAYS_EMBED_SWIFT_STANDARD_LIBRARIES = YES;
				BUNDLE_LOADER = "$(TEST_HOST)";
				CODE_SIGN_STYLE = Automatic;
				CURRENT_PROJECT_VERSION = 1;
				GENERATE_INFOPLIST_FILE = YES;
				IPHONEOS_DEPLOYMENT_TARGET = 17.5;
				MARKETING_VERSION = 1.0;
				PRODUCT_BUNDLE_IDENTIFIER = ios.ContactAppTests;
				PRODUCT_NAME = "$(TARGET_NAME)";
				SWIFT_EMIT_LOC_STRINGS = NO;
				SWIFT_VERSION = 5.0;
				TARGETED_DEVICE_FAMILY = "1,2";
				TEST_HOST = "$(BUILT_PRODUCTS_DIR)/ContactApp.app/$(BUNDLE_EXECUTABLE_FOLDER_PATH)/ContactApp";
			};
			name = Debug;
		};
		8DF6190D2CCE5226003312BC /* Release */ = {
			isa = XCBuildConfiguration;
			buildSettings = {
				ALWAYS_EMBED_SWIFT_STANDARD_LIBRARIES = YES;
				BUNDLE_LOADER = "$(TEST_HOST)";
				CODE_SIGN_STYLE = Automatic;
				CURRENT_PROJECT_VERSION = 1;
				GENERATE_INFOPLIST_FILE = YES;
				IPHONEOS_DEPLOYMENT_TARGET = 17.5;
				MARKETING_VERSION = 1.0;
				PRODUCT_BUNDLE_IDENTIFIER = ios.ContactAppTests;
				PRODUCT_NAME = "$(TARGET_NAME)";
				SWIFT_EMIT_LOC_STRINGS = NO;
				SWIFT_VERSION = 5.0;
				TARGETED_DEVICE_FAMILY = "1,2";
				TEST_HOST = "$(BUILT_PRODUCTS_DIR)/ContactApp.app/$(BUNDLE_EXECUTABLE_FOLDER_PATH)/ContactApp";
			};
			name = Release;
		};
		8DF6190F2CCE5226003312BC /* Debug */ = {
			isa = XCBuildConfiguration;
			buildSettings = {
				ALWAYS_EMBED_SWIFT_STANDARD_LIBRARIES = YES;
				CODE_SIGN_STYLE = Automatic;
				CURRENT_PROJECT_VERSION = 1;
				GENERATE_INFOPLIST_FILE = YES;
				MARKETING_VERSION = 1.0;
				PRODUCT_BUNDLE_IDENTIFIER = ios.ContactAppUITests;
				PRODUCT_NAME = "$(TARGET_NAME)";
				SWIFT_EMIT_LOC_STRINGS = NO;
				SWIFT_VERSION = 5.0;
				TARGETED_DEVICE_FAMILY = "1,2";
				TEST_TARGET_NAME = ContactApp;
			};
			name = Debug;
		};
		8DF619102CCE5226003312BC /* Release */ = {
			isa = XCBuildConfiguration;
			buildSettings = {
				ALWAYS_EMBED_SWIFT_STANDARD_LIBRARIES = YES;
				CODE_SIGN_STYLE = Automatic;
				CURRENT_PROJECT_VERSION = 1;
				GENERATE_INFOPLIST_FILE = YES;
				MARKETING_VERSION = 1.0;
				PRODUCT_BUNDLE_IDENTIFIER = ios.ContactAppUITests;
				PRODUCT_NAME = "$(TARGET_NAME)";
				SWIFT_EMIT_LOC_STRINGS = NO;
				SWIFT_VERSION = 5.0;
				TARGETED_DEVICE_FAMILY = "1,2";
				TEST_TARGET_NAME = ContactApp;
			};
			name = Release;
		};
/* End XCBuildConfiguration section */

/* Begin XCConfigurationList section */
		8DF618D92CCE5223003312BC /* Build configuration list for PBXProject "ContactApp" */ = {
			isa = XCConfigurationList;
			buildConfigurations = (
				8DF619062CCE5226003312BC /* Debug */,
				8DF619072CCE5226003312BC /* Release */,
			);
			defaultConfigurationIsVisible = 0;
			defaultConfigurationName = Release;
		};
		8DF619082CCE5226003312BC /* Build configuration list for PBXNativeTarget "ContactApp" */ = {
			isa = XCConfigurationList;
			buildConfigurations = (
				8DF619092CCE5226003312BC /* Debug */,
				8DF6190A2CCE5226003312BC /* Release */,
			);
			defaultConfigurationIsVisible = 0;
			defaultConfigurationName = Release;
		};
		8DF6190B2CCE5226003312BC /* Build configuration list for PBXNativeTarget "ContactAppTests" */ = {
			isa = XCConfigurationList;
			buildConfigurations = (
				8DF6190C2CCE5226003312BC /* Debug */,
				8DF6190D2CCE5226003312BC /* Release */,
			);
			defaultConfigurationIsVisible = 0;
			defaultConfigurationName = Release;
		};
		8DF6190E2CCE5226003312BC /* Build configuration list for PBXNativeTarget "ContactAppUITests" */ = {
			isa = XCConfigurationList;
			buildConfigurations = (
				8DF6190F2CCE5226003312BC /* Debug */,
				8DF619102CCE5226003312BC /* Release */,
			);
			defaultConfigurationIsVisible = 0;
			defaultConfigurationName = Release;
		};
/* End XCConfigurationList section */
	};
	rootObject = 8DF618D62CCE5223003312BC /* Project object */;
}
